{
    "name": "toug-pipeline-ia",
    "version": "0.1.0",
    "lockfileVersion": 3,
    "requires": true,
    "packages": {
        "": {
            "name": "toug-pipeline-ia",
            "version": "0.1.0",
            "bin": {
                "toug-pipeline": "cli/index.js"
            }
        }
    }
}
